{
    "version": 3,
    "terraform_version": "0.9.11",
    "serial": 27,
    "lineage": "7c0ac803-2901-43b1-af3d-0890d411a765",
    "modules": [
        {
            "path": [
                "root"
            ],
            "outputs": {},
            "resources": {},
            "depends_on": []
        },
        {
            "path": [
                "root",
                "aviatrixcontroller"
            ],
            "outputs": {},
            "resources": {},
            "depends_on": []
        },
        {
            "path": [
                "root",
                "iam_roles"
            ],
            "outputs": {},
            "resources": {},
            "depends_on": []
        },
        {
            "path": [
                "root",
                "iperf-client"
            ],
            "outputs": {},
            "resources": {},
            "depends_on": []
        },
        {
            "path": [
                "root",
                "iperf-server"
            ],
            "outputs": {},
            "resources": {},
            "depends_on": []
        },
        {
            "path": [
                "root",
                "vpc-east"
            ],
            "outputs": {
                "vpc_id": {
                    "sensitive": false,
                    "type": "string",
                    "value": "vpc-c989aab0"
                }
            },
            "resources": {
                "aws_vpc.main": {
                    "type": "aws_vpc",
                    "depends_on": [],
                    "primary": {
                        "id": "vpc-c989aab0",
                        "attributes": {
                            "assign_generated_ipv6_cidr_block": "false",
                            "cidr_block": "192.168.0.0/16",
                            "default_network_acl_id": "acl-d0ca18a8",
                            "default_route_table_id": "rtb-3722e54c",
                            "default_security_group_id": "sg-8bc252fb",
                            "dhcp_options_id": "dopt-a01370c6",
                            "enable_classiclink": "false",
                            "enable_dns_hostnames": "true",
                            "enable_dns_support": "true",
                            "id": "vpc-c989aab0",
                            "instance_tenancy": "default",
                            "main_route_table_id": "rtb-3722e54c",
                            "tags.%": "1",
                            "tags.Name": "test_vpc_us-east-1"
                        },
                        "meta": {
                            "schema_version": "1"
                        },
                        "tainted": false
                    },
                    "deposed": [],
                    "provider": ""
                }
            },
            "depends_on": []
        },
        {
            "path": [
                "root",
                "vpc-west"
            ],
            "outputs": {},
            "resources": {},
            "depends_on": []
        },
        {
            "path": [
                "root",
                "windows"
            ],
            "outputs": {},
            "resources": {},
            "depends_on": []
        }
    ]
}
